
Microsoft Visual Studio Solution File, Format Version 12.00
# Visual Studio 15
Project("{FAE04EC0-301F-11D3-BF4B-00C04F79EFBC}") = "Assembly-CSharp", "Assembly-CSharp.csproj", "{5ECFC5EA-69D8-E09E-27E7-A30D4AAAE1A0}"
EndProject
Project("{FAE04EC0-301F-11D3-BF4B-00C04F79EFBC}") = "Assembly-CSharp-Editor", "Assembly-CSharp-Editor.csproj", "{2F909BE1-6DD1-A97F-BB50-404C81DFA1CE}"
EndProject
Global
	GlobalSection(SolutionConfigurationPlatforms) = preSolution
		Debug|Any CPU = Debug|Any CPU
		Release|Any CPU = Release|Any CPU
	EndGlobalSection
	GlobalSection(ProjectConfigurationPlatforms) = postSolution
		{5ECFC5EA-69D8-E09E-27E7-A30D4AAAE1A0}.Debug|Any CPU.ActiveCfg = Debug|Any CPU
		{5ECFC5EA-69D8-E09E-27E7-A30D4AAAE1A0}.Debug|Any CPU.Build.0 = Debug|Any CPU
		{5ECFC5EA-69D8-E09E-27E7-A30D4AAAE1A0}.Release|Any CPU.ActiveCfg = Release|Any CPU
		{5ECFC5EA-69D8-E09E-27E7-A30D4AAAE1A0}.Release|Any CPU.Build.0 = Release|Any CPU
		{2F909BE1-6DD1-A97F-BB50-404C81DFA1CE}.Debug|Any CPU.ActiveCfg = Debug|Any CPU
		{2F909BE1-6DD1-A97F-BB50-404C81DFA1CE}.Debug|Any CPU.Build.0 = Debug|Any CPU
		{2F909BE1-6DD1-A97F-BB50-404C81DFA1CE}.Release|Any CPU.ActiveCfg = Release|Any CPU
		{2F909BE1-6DD1-A97F-BB50-404C81DFA1CE}.Release|Any CPU.Build.0 = Release|Any CPU
	EndGlobalSection
	GlobalSection(SolutionProperties) = preSolution
		HideSolutionNode = FALSE
	EndGlobalSection
EndGlobal
